
Microsoft Visual Studio Solution File, Format Version 12.00
# Visual Studio 15
VisualStudioVersion = 15.0.28307.1401
MinimumVisualStudioVersion = 10.0.40219.1
Project("{FAE04EC0-301F-11D3-BF4B-00C04F79EFBC}") = "CalculatorConsoleApp", "CalculatorConsoleApp\CalculatorConsoleApp.csproj", "{CBD92C4D-4704-40FB-B33A-F77C0ADB5710}"
EndProject
Project("{FAE04EC0-301F-11D3-BF4B-00C04F79EFBC}") = "CalculatorWindowsFormsApp", "CalculatorWindowsFormsApp\CalculatorWindowsFormsApp.csproj", "{BFD9C8A2-3937-4E41-8F40-829220E1DE5D}"
EndProject
Project("{FAE04EC0-301F-11D3-BF4B-00C04F79EFBC}") = "CalculatorMachine", "CalculatorMachine\CalculatorMachine.csproj", "{3DB242CC-545F-48E7-824C-72AB58C4EA54}"
EndProject
Global
	GlobalSection(SolutionConfigurationPlatforms) = preSolution
		Debug|Any CPU = Debug|Any CPU
		Release|Any CPU = Release|Any CPU
	EndGlobalSection
	GlobalSection(ProjectConfigurationPlatforms) = postSolution
		{CBD92C4D-4704-40FB-B33A-F77C0ADB5710}.Debug|Any CPU.ActiveCfg = Debug|Any CPU
		{CBD92C4D-4704-40FB-B33A-F77C0ADB5710}.Debug|Any CPU.Build.0 = Debug|Any CPU
		{CBD92C4D-4704-40FB-B33A-F77C0ADB5710}.Release|Any CPU.ActiveCfg = Release|Any CPU
		{CBD92C4D-4704-40FB-B33A-F77C0ADB5710}.Release|Any CPU.Build.0 = Release|Any CPU
		{BFD9C8A2-3937-4E41-8F40-829220E1DE5D}.Debug|Any CPU.ActiveCfg = Debug|Any CPU
		{BFD9C8A2-3937-4E41-8F40-829220E1DE5D}.Debug|Any CPU.Build.0 = Debug|Any CPU
		{BFD9C8A2-3937-4E41-8F40-829220E1DE5D}.Release|Any CPU.ActiveCfg = Release|Any CPU
		{BFD9C8A2-3937-4E41-8F40-829220E1DE5D}.Release|Any CPU.Build.0 = Release|Any CPU
		{3DB242CC-545F-48E7-824C-72AB58C4EA54}.Debug|Any CPU.ActiveCfg = Debug|Any CPU
		{3DB242CC-545F-48E7-824C-72AB58C4EA54}.Debug|Any CPU.Build.0 = Debug|Any CPU
		{3DB242CC-545F-48E7-824C-72AB58C4EA54}.Release|Any CPU.ActiveCfg = Release|Any CPU
		{3DB242CC-545F-48E7-824C-72AB58C4EA54}.Release|Any CPU.Build.0 = Release|Any CPU
	EndGlobalSection
	GlobalSection(SolutionProperties) = preSolution
		HideSolutionNode = FALSE
	EndGlobalSection
	GlobalSection(ExtensibilityGlobals) = postSolution
		SolutionGuid = {D186A3B9-13FC-4ABB-87A3-41D51C672F67}
	EndGlobalSection
EndGlobal
